// !$*UTF8*$!
{
	archiveVersion = 1;
	classes = {
	};
	objectVersion = 48;
	objects = {

/* Begin PBXBuildFile section */
		F830267F211C4361007638FD /* AddTaskSaveDelegate.swift in Sources */ = {isa = PBXBuildFile; fileRef = F830267E211C4361007638FD /* AddTaskSaveDelegate.swift */; };
		F8362DE52126B9C0009699DA /* SortOrder.swift in Sources */ = {isa = PBXBuildFile; fileRef = F8362DE42126B9C0009699DA /* SortOrder.swift */; };
		F8367AB12117277D008C4E6C /* TaskCell.xib in Resources */ = {isa = PBXBuildFile; fileRef = F8367AB02117277D008C4E6C /* TaskCell.xib */; };
		F8367AB321199950008C4E6C /* AddTaskController.swift in Sources */ = {isa = PBXBuildFile; fileRef = F8367AB221199950008C4E6C /* AddTaskController.swift */; };
		F838DE2D211F1CEB000F49CD /* SelectDate.xib in Resources */ = {isa = PBXBuildFile; fileRef = F838DE2C211F1CEB000F49CD /* SelectDate.xib */; };
		F838DE2F211F21EF000F49CD /* SelectDateController.swift in Sources */ = {isa = PBXBuildFile; fileRef = F838DE2E211F21EF000F49CD /* SelectDateController.swift */; };
		F838DE31211F93BB000F49CD /* SelectDateDelegate.swift in Sources */ = {isa = PBXBuildFile; fileRef = F838DE30211F93BB000F49CD /* SelectDateDelegate.swift */; };
		F838EFE4211D8FDB00D6225E /* Priority.swift in Sources */ = {isa = PBXBuildFile; fileRef = F838EFE3211D8FDB00D6225E /* Priority.swift */; };
		F85B2FC621122F7E0009177B /* Consts.swift in Sources */ = {isa = PBXBuildFile; fileRef = F85B2FC521122F7E0009177B /* Consts.swift */; };
		F85B2FC92112346D0009177B /* Date+String.swift in Sources */ = {isa = PBXBuildFile; fileRef = F85B2FC82112346D0009177B /* Date+String.swift */; };
		F85DCB9821210D2F0001C547 /* Section.xib in Resources */ = {isa = PBXBuildFile; fileRef = F85DCB9721210D2F0001C547 /* Section.xib */; };
		F85DCB9A212182AF0001C547 /* Section.swift in Sources */ = {isa = PBXBuildFile; fileRef = F85DCB99212182AF0001C547 /* Section.swift */; };
		F85DCB9C2121AB510001C547 /* UIColor+String.swift in Sources */ = {isa = PBXBuildFile; fileRef = F85DCB9B2121AB510001C547 /* UIColor+String.swift */; };
		F87526282112286D0088E746 /* TaskCell.swift in Sources */ = {isa = PBXBuildFile; fileRef = F87526272112286D0088E746 /* TaskCell.swift */; };
		F87F54CB21108E2E00ED206E /* AppDelegate.swift in Sources */ = {isa = PBXBuildFile; fileRef = F87F54CA21108E2E00ED206E /* AppDelegate.swift */; };
		F87F54CD21108E2E00ED206E /* TodayTaskController.swift in Sources */ = {isa = PBXBuildFile; fileRef = F87F54CC21108E2E00ED206E /* TodayTaskController.swift */; };
		F87F54D021108E2E00ED206E /* Main.storyboard in Resources */ = {isa = PBXBuildFile; fileRef = F87F54CE21108E2E00ED206E /* Main.storyboard */; };
		F87F54D221108E2E00ED206E /* Assets.xcassets in Resources */ = {isa = PBXBuildFile; fileRef = F87F54D121108E2E00ED206E /* Assets.xcassets */; };
		F87F54D521108E2E00ED206E /* LaunchScreen.storyboard in Resources */ = {isa = PBXBuildFile; fileRef = F87F54D321108E2E00ED206E /* LaunchScreen.storyboard */; };
		F87F54E021108E2E00ED206E /* TodoAppTests.swift in Sources */ = {isa = PBXBuildFile; fileRef = F87F54DF21108E2E00ED206E /* TodoAppTests.swift */; };
		F87F54EB21108E2E00ED206E /* TodoAppUITests.swift in Sources */ = {isa = PBXBuildFile; fileRef = F87F54EA21108E2E00ED206E /* TodoAppUITests.swift */; };
		F87F54F921109C4D00ED206E /* Task.swift in Sources */ = {isa = PBXBuildFile; fileRef = F87F54F821109C4D00ED206E /* Task.swift */; };
		F87F54FB21109DA300ED206E /* TaskCategory.swift in Sources */ = {isa = PBXBuildFile; fileRef = F87F54FA21109DA300ED206E /* TaskCategory.swift */; };
		F87F54FD21109FBE00ED206E /* TaskService.swift in Sources */ = {isa = PBXBuildFile; fileRef = F87F54FC21109FBE00ED206E /* TaskService.swift */; };
		F8DBB60E2125AFC2003DE156 /* InboxTaskController.swift in Sources */ = {isa = PBXBuildFile; fileRef = F8DBB60D2125AFC2003DE156 /* InboxTaskController.swift */; };
		F8DBB6102125C65E003DE156 /* Date+Comparison.swift in Sources */ = {isa = PBXBuildFile; fileRef = F8DBB60F2125C65E003DE156 /* Date+Comparison.swift */; };
/* End PBXBuildFile section */

/* Begin PBXContainerItemProxy section */
		F87F54DC21108E2E00ED206E /* PBXContainerItemProxy */ = {
			isa = PBXContainerItemProxy;
			containerPortal = F87F54BF21108E2E00ED206E /* Project object */;
			proxyType = 1;
			remoteGlobalIDString = F87F54C621108E2E00ED206E;
			remoteInfo = TodoApp;
		};
		F87F54E721108E2E00ED206E /* PBXContainerItemProxy */ = {
			isa = PBXContainerItemProxy;
			containerPortal = F87F54BF21108E2E00ED206E /* Project object */;
			proxyType = 1;
			remoteGlobalIDString = F87F54C621108E2E00ED206E;
			remoteInfo = TodoApp;
		};
/* End PBXContainerItemProxy section */

/* Begin PBXFileReference section */
		F830267E211C4361007638FD /* AddTaskSaveDelegate.swift */ = {isa = PBXFileReference; lastKnownFileType = sourcecode.swift; path = AddTaskSaveDelegate.swift; sourceTree = "<group>"; };
		F8362DE42126B9C0009699DA /* SortOrder.swift */ = {isa = PBXFileReference; lastKnownFileType = sourcecode.swift; path = SortOrder.swift; sourceTree = "<group>"; };
		F8367AB02117277D008C4E6C /* TaskCell.xib */ = {isa = PBXFileReference; lastKnownFileType = file.xib; path = TaskCell.xib; sourceTree = "<group>"; };
		F8367AB221199950008C4E6C /* AddTaskController.swift */ = {isa = PBXFileReference; lastKnownFileType = sourcecode.swift; path = AddTaskController.swift; sourceTree = "<group>"; };
		F838DE2C211F1CEB000F49CD /* SelectDate.xib */ = {isa = PBXFileReference; lastKnownFileType = file.xib; path = SelectDate.xib; sourceTree = "<group>"; };
		F838DE2E211F21EF000F49CD /* SelectDateController.swift */ = {isa = PBXFileReference; lastKnownFileType = sourcecode.swift; path = SelectDateController.swift; sourceTree = "<group>"; };
		F838DE30211F93BB000F49CD /* SelectDateDelegate.swift */ = {isa = PBXFileReference; lastKnownFileType = sourcecode.swift; path = SelectDateDelegate.swift; sourceTree = "<group>"; };
		F838EFE3211D8FDB00D6225E /* Priority.swift */ = {isa = PBXFileReference; lastKnownFileType = sourcecode.swift; path = Priority.swift; sourceTree = "<group>"; };
		F85B2FC521122F7E0009177B /* Consts.swift */ = {isa = PBXFileReference; lastKnownFileType = sourcecode.swift; path = Consts.swift; sourceTree = "<group>"; };
		F85B2FC82112346D0009177B /* Date+String.swift */ = {isa = PBXFileReference; lastKnownFileType = sourcecode.swift; path = "Date+String.swift"; sourceTree = "<group>"; };
		F85DCB9721210D2F0001C547 /* Section.xib */ = {isa = PBXFileReference; lastKnownFileType = file.xib; path = Section.xib; sourceTree = "<group>"; };
		F85DCB99212182AF0001C547 /* Section.swift */ = {isa = PBXFileReference; lastKnownFileType = sourcecode.swift; path = Section.swift; sourceTree = "<group>"; };
		F85DCB9B2121AB510001C547 /* UIColor+String.swift */ = {isa = PBXFileReference; lastKnownFileType = sourcecode.swift; path = "UIColor+String.swift"; sourceTree = "<group>"; };
		F87526272112286D0088E746 /* TaskCell.swift */ = {isa = PBXFileReference; lastKnownFileType = sourcecode.swift; path = TaskCell.swift; sourceTree = "<group>"; };
		F87F54C721108E2E00ED206E /* TodoApp.app */ = {isa = PBXFileReference; explicitFileType = wrapper.application; includeInIndex = 0; path = TodoApp.app; sourceTree = BUILT_PRODUCTS_DIR; };
		F87F54CA21108E2E00ED206E /* AppDelegate.swift */ = {isa = PBXFileReference; lastKnownFileType = sourcecode.swift; path = AppDelegate.swift; sourceTree = "<group>"; };
		F87F54CC21108E2E00ED206E /* TodayTaskController.swift */ = {isa = PBXFileReference; lastKnownFileType = sourcecode.swift; path = TodayTaskController.swift; sourceTree = "<group>"; };
		F87F54CF21108E2E00ED206E /* Base */ = {isa = PBXFileReference; lastKnownFileType = file.storyboard; name = Base; path = Base.lproj/Main.storyboard; sourceTree = "<group>"; };
		F87F54D121108E2E00ED206E /* Assets.xcassets */ = {isa = PBXFileReference; lastKnownFileType = folder.assetcatalog; path = Assets.xcassets; sourceTree = "<group>"; };
		F87F54D421108E2E00ED206E /* Base */ = {isa = PBXFileReference; lastKnownFileType = file.storyboard; name = Base; path = Base.lproj/LaunchScreen.storyboard; sourceTree = "<group>"; };
		F87F54D621108E2E00ED206E /* Info.plist */ = {isa = PBXFileReference; lastKnownFileType = text.plist.xml; path = Info.plist; sourceTree = "<group>"; };
		F87F54DB21108E2E00ED206E /* TodoAppTests.xctest */ = {isa = PBXFileReference; explicitFileType = wrapper.cfbundle; includeInIndex = 0; path = TodoAppTests.xctest; sourceTree = BUILT_PRODUCTS_DIR; };
		F87F54DF21108E2E00ED206E /* TodoAppTests.swift */ = {isa = PBXFileReference; lastKnownFileType = sourcecode.swift; path = TodoAppTests.swift; sourceTree = "<group>"; };
		F87F54E121108E2E00ED206E /* Info.plist */ = {isa = PBXFileReference; lastKnownFileType = text.plist.xml; path = Info.plist; sourceTree = "<group>"; };
		F87F54E621108E2E00ED206E /* TodoAppUITests.xctest */ = {isa = PBXFileReference; explicitFileType = wrapper.cfbundle; includeInIndex = 0; path = TodoAppUITests.xctest; sourceTree = BUILT_PRODUCTS_DIR; };
		F87F54EA21108E2E00ED206E /* TodoAppUITests.swift */ = {isa = PBXFileReference; lastKnownFileType = sourcecode.swift; path = TodoAppUITests.swift; sourceTree = "<group>"; };
		F87F54EC21108E2E00ED206E /* Info.plist */ = {isa = PBXFileReference; lastKnownFileType = text.plist.xml; path = Info.plist; sourceTree = "<group>"; };
		F87F54F821109C4D00ED206E /* Task.swift */ = {isa = PBXFileReference; lastKnownFileType = sourcecode.swift; path = Task.swift; sourceTree = "<group>"; };
		F87F54FA21109DA300ED206E /* TaskCategory.swift */ = {isa = PBXFileReference; lastKnownFileType = sourcecode.swift; path = TaskCategory.swift; sourceTree = "<group>"; };
		F87F54FC21109FBE00ED206E /* TaskService.swift */ = {isa = PBXFileReference; lastKnownFileType = sourcecode.swift; path = TaskService.swift; sourceTree = "<group>"; };
		F8DBB60D2125AFC2003DE156 /* InboxTaskController.swift */ = {isa = PBXFileReference; lastKnownFileType = sourcecode.swift; path = InboxTaskController.swift; sourceTree = "<group>"; };
		F8DBB60F2125C65E003DE156 /* Date+Comparison.swift */ = {isa = PBXFileReference; lastKnownFileType = sourcecode.swift; path = "Date+Comparison.swift"; sourceTree = "<group>"; };
/* End PBXFileReference section */

/* Begin PBXFrameworksBuildPhase section */
		F87F54C421108E2E00ED206E /* Frameworks */ = {
			isa = PBXFrameworksBuildPhase;
			buildActionMask = 2147483647;
			files = (
			);
			runOnlyForDeploymentPostprocessing = 0;
		};
		F87F54D821108E2E00ED206E /* Frameworks */ = {
			isa = PBXFrameworksBuildPhase;
			buildActionMask = 2147483647;
			files = (
			);
			runOnlyForDeploymentPostprocessing = 0;
		};
		F87F54E321108E2E00ED206E /* Frameworks */ = {
			isa = PBXFrameworksBuildPhase;
			buildActionMask = 2147483647;
			files = (
			);
			runOnlyForDeploymentPostprocessing = 0;
		};
/* End PBXFrameworksBuildPhase section */

/* Begin PBXGroup section */
		F830267D211C4334007638FD /* Protocols */ = {
			isa = PBXGroup;
			children = (
				F830267E211C4361007638FD /* AddTaskSaveDelegate.swift */,
				F838DE30211F93BB000F49CD /* SelectDateDelegate.swift */,
			);
			path = Protocols;
			sourceTree = "<group>";
		};
		F838EFE2211D8FB900D6225E /* Enums */ = {
			isa = PBXGroup;
			children = (
				F838EFE3211D8FDB00D6225E /* Priority.swift */,
				F8362DE42126B9C0009699DA /* SortOrder.swift */,
			);
			path = Enums;
			sourceTree = "<group>";
		};
		F85B2FC421122F5C0009177B /* Consts */ = {
			isa = PBXGroup;
			children = (
				F85B2FC521122F7E0009177B /* Consts.swift */,
			);
			path = Consts;
			sourceTree = "<group>";
		};
		F85B2FC72112344D0009177B /* Extensions */ = {
			isa = PBXGroup;
			children = (
				F85B2FC82112346D0009177B /* Date+String.swift */,
				F85DCB9B2121AB510001C547 /* UIColor+String.swift */,
				F8DBB60F2125C65E003DE156 /* Date+Comparison.swift */,
			);
			path = Extensions;
			sourceTree = "<group>";
		};
		F87526232112280A0088E746 /* Models */ = {
			isa = PBXGroup;
			children = (
				F87F54F821109C4D00ED206E /* Task.swift */,
				F87F54FA21109DA300ED206E /* TaskCategory.swift */,
				F87F54FC21109FBE00ED206E /* TaskService.swift */,
			);
			path = Models;
			sourceTree = "<group>";
		};
		F8752624211228210088E746 /* Views */ = {
			isa = PBXGroup;
			children = (
				F8752626211228470088E746 /* Cells */,
				F838DE2C211F1CEB000F49CD /* SelectDate.xib */,
				F85DCB9721210D2F0001C547 /* Section.xib */,
				F85DCB99212182AF0001C547 /* Section.swift */,
			);
			path = Views;
			sourceTree = "<group>";
		};
		F8752625211228390088E746 /* Controllers */ = {
			isa = PBXGroup;
			children = (
				F87F54CC21108E2E00ED206E /* TodayTaskController.swift */,
				F8367AB221199950008C4E6C /* AddTaskController.swift */,
				F838DE2E211F21EF000F49CD /* SelectDateController.swift */,
				F8DBB60D2125AFC2003DE156 /* InboxTaskController.swift */,
			);
			path = Controllers;
			sourceTree = "<group>";
		};
		F8752626211228470088E746 /* Cells */ = {
			isa = PBXGroup;
			children = (
				F87526272112286D0088E746 /* TaskCell.swift */,
				F8367AB02117277D008C4E6C /* TaskCell.xib */,
			);
			path = Cells;
			sourceTree = "<group>";
		};
		F87F54BE21108E2E00ED206E = {
			isa = PBXGroup;
			children = (
				F87F54C921108E2E00ED206E /* TodoApp */,
				F87F54DE21108E2E00ED206E /* TodoAppTests */,
				F87F54E921108E2E00ED206E /* TodoAppUITests */,
				F87F54C821108E2E00ED206E /* Products */,
			);
			sourceTree = "<group>";
		};
		F87F54C821108E2E00ED206E /* Products */ = {
			isa = PBXGroup;
			children = (
				F87F54C721108E2E00ED206E /* TodoApp.app */,
				F87F54DB21108E2E00ED206E /* TodoAppTests.xctest */,
				F87F54E621108E2E00ED206E /* TodoAppUITests.xctest */,
			);
			name = Products;
			sourceTree = "<group>";
		};
		F87F54C921108E2E00ED206E /* TodoApp */ = {
			isa = PBXGroup;
			children = (
				F85B2FC421122F5C0009177B /* Consts */,
				F8752625211228390088E746 /* Controllers */,
				F8752624211228210088E746 /* Views */,
				F87526232112280A0088E746 /* Models */,
				F87F54CA21108E2E00ED206E /* AppDelegate.swift */,
				F830267D211C4334007638FD /* Protocols */,
				F85B2FC72112344D0009177B /* Extensions */,
				F8BE48AD211C7C7F00157C6B /* Storyboards */,
				F838EFE2211D8FB900D6225E /* Enums */,
				F87F54D121108E2E00ED206E /* Assets.xcassets */,
				F87F54D621108E2E00ED206E /* Info.plist */,
			);
			path = TodoApp;
			sourceTree = "<group>";
		};
		F87F54DE21108E2E00ED206E /* TodoAppTests */ = {
			isa = PBXGroup;
			children = (
				F87F54DF21108E2E00ED206E /* TodoAppTests.swift */,
				F87F54E121108E2E00ED206E /* Info.plist */,
			);
			path = TodoAppTests;
			sourceTree = "<group>";
		};
		F87F54E921108E2E00ED206E /* TodoAppUITests */ = {
			isa = PBXGroup;
			children = (
				F87F54EA21108E2E00ED206E /* TodoAppUITests.swift */,
				F87F54EC21108E2E00ED206E /* Info.plist */,
			);
			path = TodoAppUITests;
			sourceTree = "<group>";
		};
		F8BE48AD211C7C7F00157C6B /* Storyboards */ = {
			isa = PBXGroup;
			children = (
				F87F54CE21108E2E00ED206E /* Main.storyboard */,
				F87F54D321108E2E00ED206E /* LaunchScreen.storyboard */,
			);
			path = Storyboards;
			sourceTree = "<group>";
		};
/* End PBXGroup section */

/* Begin PBXNativeTarget section */
		F87F54C621108E2E00ED206E /* TodoApp */ = {
			isa = PBXNativeTarget;
			buildConfigurationList = F87F54EF21108E2E00ED206E /* Build configuration list for PBXNativeTarget "TodoApp" */;
			buildPhases = (
				F87F54C321108E2E00ED206E /* Sources */,
				F87F54C421108E2E00ED206E /* Frameworks */,
				F87F54C521108E2E00ED206E /* Resources */,
			);
			buildRules = (
			);
			dependencies = (
			);
			name = TodoApp;
			productName = TodoApp;
			productReference = F87F54C721108E2E00ED206E /* TodoApp.app */;
			productType = "com.apple.product-type.application";
		};
		F87F54DA21108E2E00ED206E /* TodoAppTests */ = {
			isa = PBXNativeTarget;
			buildConfigurationList = F87F54F221108E2E00ED206E /* Build configuration list for PBXNativeTarget "TodoAppTests" */;
			buildPhases = (
				F87F54D721108E2E00ED206E /* Sources */,
				F87F54D821108E2E00ED206E /* Frameworks */,
				F87F54D921108E2E00ED206E /* Resources */,
			);
			buildRules = (
			);
			dependencies = (
				F87F54DD21108E2E00ED206E /* PBXTargetDependency */,
			);
			name = TodoAppTests;
			productName = TodoAppTests;
			productReference = F87F54DB21108E2E00ED206E /* TodoAppTests.xctest */;
			productType = "com.apple.product-type.bundle.unit-test";
		};
		F87F54E521108E2E00ED206E /* TodoAppUITests */ = {
			isa = PBXNativeTarget;
			buildConfigurationList = F87F54F521108E2E00ED206E /* Build configuration list for PBXNativeTarget "TodoAppUITests" */;
			buildPhases = (
				F87F54E221108E2E00ED206E /* Sources */,
				F87F54E321108E2E00ED206E /* Frameworks */,
				F87F54E421108E2E00ED206E /* Resources */,
			);
			buildRules = (
			);
			dependencies = (
				F87F54E821108E2E00ED206E /* PBXTargetDependency */,
			);
			name = TodoAppUITests;
			productName = TodoAppUITests;
			productReference = F87F54E621108E2E00ED206E /* TodoAppUITests.xctest */;
			productType = "com.apple.product-type.bundle.ui-testing";
		};
/* End PBXNativeTarget section */

/* Begin PBXProject section */
		F87F54BF21108E2E00ED206E /* Project object */ = {
			isa = PBXProject;
			attributes = {
				LastSwiftUpdateCheck = 0920;
				LastUpgradeCheck = 0920;
				ORGANIZATIONNAME = vitcopr;
				TargetAttributes = {
					F87F54C621108E2E00ED206E = {
						CreatedOnToolsVersion = 9.2;
						ProvisioningStyle = Automatic;
					};
					F87F54DA21108E2E00ED206E = {
						CreatedOnToolsVersion = 9.2;
						ProvisioningStyle = Automatic;
						TestTargetID = F87F54C621108E2E00ED206E;
					};
					F87F54E521108E2E00ED206E = {
						CreatedOnToolsVersion = 9.2;
						ProvisioningStyle = Automatic;
						TestTargetID = F87F54C621108E2E00ED206E;
					};
				};
			};
			buildConfigurationList = F87F54C221108E2E00ED206E /* Build configuration list for PBXProject "TodoApp" */;
			compatibilityVersion = "Xcode 8.0";
			developmentRegion = en;
			hasScannedForEncodings = 0;
			knownRegions = (
				en,
				Base,
			);
			mainGroup = F87F54BE21108E2E00ED206E;
			productRefGroup = F87F54C821108E2E00ED206E /* Products */;
			projectDirPath = "";
			projectRoot = "";
			targets = (
				F87F54C621108E2E00ED206E /* TodoApp */,
				F87F54DA21108E2E00ED206E /* TodoAppTests */,
				F87F54E521108E2E00ED206E /* TodoAppUITests */,
			);
		};
/* End PBXProject section */

/* Begin PBXResourcesBuildPhase section */
		F87F54C521108E2E00ED206E /* Resources */ = {
			isa = PBXResourcesBuildPhase;
			buildActionMask = 2147483647;
			files = (
				F8367AB12117277D008C4E6C /* TaskCell.xib in Resources */,
				F87F54D521108E2E00ED206E /* LaunchScreen.storyboard in Resources */,
				F87F54D221108E2E00ED206E /* Assets.xcassets in Resources */,
				F838DE2D211F1CEB000F49CD /* SelectDate.xib in Resources */,
				F87F54D021108E2E00ED206E /* Main.storyboard in Resources */,
				F85DCB9821210D2F0001C547 /* Section.xib in Resources */,
			);
			runOnlyForDeploymentPostprocessing = 0;
		};
		F87F54D921108E2E00ED206E /* Resources */ = {
			isa = PBXResourcesBuildPhase;
			buildActionMask = 2147483647;
			files = (
			);
			runOnlyForDeploymentPostprocessing = 0;
		};
		F87F54E421108E2E00ED206E /* Resources */ = {
			isa = PBXResourcesBuildPhase;
			buildActionMask = 2147483647;
			files = (
			);
			runOnlyForDeploymentPostprocessing = 0;
		};
/* End PBXResourcesBuildPhase section */

/* Begin PBXSourcesBuildPhase section */
		F87F54C321108E2E00ED206E /* Sources */ = {
			isa = PBXSourcesBuildPhase;
			buildActionMask = 2147483647;
			files = (
				F87F54FD21109FBE00ED206E /* TaskService.swift in Sources */,
				F838DE2F211F21EF000F49CD /* SelectDateController.swift in Sources */,
				F830267F211C4361007638FD /* AddTaskSaveDelegate.swift in Sources */,
				F85DCB9A212182AF0001C547 /* Section.swift in Sources */,
				F8362DE52126B9C0009699DA /* SortOrder.swift in Sources */,
				F87F54FB21109DA300ED206E /* TaskCategory.swift in Sources */,
				F8DBB6102125C65E003DE156 /* Date+Comparison.swift in Sources */,
				F87F54CD21108E2E00ED206E /* TodayTaskController.swift in Sources */,
				F85B2FC92112346D0009177B /* Date+String.swift in Sources */,
				F838DE31211F93BB000F49CD /* SelectDateDelegate.swift in Sources */,
				F87F54F921109C4D00ED206E /* Task.swift in Sources */,
				F85B2FC621122F7E0009177B /* Consts.swift in Sources */,
				F87526282112286D0088E746 /* TaskCell.swift in Sources */,
				F8DBB60E2125AFC2003DE156 /* InboxTaskController.swift in Sources */,
				F8367AB321199950008C4E6C /* AddTaskController.swift in Sources */,
				F87F54CB21108E2E00ED206E /* AppDelegate.swift in Sources */,
				F838EFE4211D8FDB00D6225E /* Priority.swift in Sources */,
				F85DCB9C2121AB510001C547 /* UIColor+String.swift in Sources */,
			);
			runOnlyForDeploymentPostprocessing = 0;
		};
		F87F54D721108E2E00ED206E /* Sources */ = {
			isa = PBXSourcesBuildPhase;
			buildActionMask = 2147483647;
			files = (
				F87F54E021108E2E00ED206E /* TodoAppTests.swift in Sources */,
			);
			runOnlyForDeploymentPostprocessing = 0;
		};
		F87F54E221108E2E00ED206E /* Sources */ = {
			isa = PBXSourcesBuildPhase;
			buildActionMask = 2147483647;
			files = (
				F87F54EB21108E2E00ED206E /* TodoAppUITests.swift in Sources */,
			);
			runOnlyForDeploymentPostprocessing = 0;
		};
/* End PBXSourcesBuildPhase section */

/* Begin PBXTargetDependency section */
		F87F54DD21108E2E00ED206E /* PBXTargetDependency */ = {
			isa = PBXTargetDependency;
			target = F87F54C621108E2E00ED206E /* TodoApp */;
			targetProxy = F87F54DC21108E2E00ED206E /* PBXContainerItemProxy */;
		};
		F87F54E821108E2E00ED206E /* PBXTargetDependency */ = {
			isa = PBXTargetDependency;
			target = F87F54C621108E2E00ED206E /* TodoApp */;
			targetProxy = F87F54E721108E2E00ED206E /* PBXContainerItemProxy */;
		};
/* End PBXTargetDependency section */

/* Begin PBXVariantGroup section */
		F87F54CE21108E2E00ED206E /* Main.storyboard */ = {
			isa = PBXVariantGroup;
			children = (
				F87F54CF21108E2E00ED206E /* Base */,
			);
			name = Main.storyboard;
			sourceTree = "<group>";
		};
		F87F54D321108E2E00ED206E /* LaunchScreen.storyboard */ = {
			isa = PBXVariantGroup;
			children = (
				F87F54D421108E2E00ED206E /* Base */,
			);
			name = LaunchScreen.storyboard;
			sourceTree = "<group>";
		};
/* End PBXVariantGroup section */

/* Begin XCBuildConfiguration section */
		F87F54ED21108E2E00ED206E /* Debug */ = {
			isa = XCBuildConfiguration;
			buildSettings = {
				ALWAYS_SEARCH_USER_PATHS = NO;
				CLANG_ANALYZER_NONNULL = YES;
				CLANG_ANALYZER_NUMBER_OBJECT_CONVERSION = YES_AGGRESSIVE;
				CLANG_CXX_LANGUAGE_STANDARD = "gnu++14";
				CLANG_CXX_LIBRARY = "libc++";
				CLANG_ENABLE_MODULES = YES;
				CLANG_ENABLE_OBJC_ARC = YES;
				CLANG_WARN_BLOCK_CAPTURE_AUTORELEASING = YES;
				CLANG_WARN_BOOL_CONVERSION = YES;
				CLANG_WARN_COMMA = YES;
				CLANG_WARN_CONSTANT_CONVERSION = YES;
				CLANG_WARN_DIRECT_OBJC_ISA_USAGE = YES_ERROR;
				CLANG_WARN_DOCUMENTATION_COMMENTS = YES;
				CLANG_WARN_EMPTY_BODY = YES;
				CLANG_WARN_ENUM_CONVERSION = YES;
				CLANG_WARN_INFINITE_RECURSION = YES;
				CLANG_WARN_INT_CONVERSION = YES;
				CLANG_WARN_NON_LITERAL_NULL_CONVERSION = YES;
				CLANG_WARN_OBJC_LITERAL_CONVERSION = YES;
				CLANG_WARN_OBJC_ROOT_CLASS = YES_ERROR;
				CLANG_WARN_RANGE_LOOP_ANALYSIS = YES;
				CLANG_WARN_STRICT_PROTOTYPES = YES;
				CLANG_WARN_SUSPICIOUS_MOVE = YES;
				CLANG_WARN_UNGUARDED_AVAILABILITY = YES_AGGRESSIVE;
				CLANG_WARN_UNREACHABLE_CODE = YES;
				CLANG_WARN__DUPLICATE_METHOD_MATCH = YES;
				CODE_SIGN_IDENTITY = "iPhone Developer";
				COPY_PHASE_STRIP = NO;
				DEBUG_INFORMATION_FORMAT = dwarf;
				ENABLE_STRICT_OBJC_MSGSEND = YES;
				ENABLE_TESTABILITY = YES;
				GCC_C_LANGUAGE_STANDARD = gnu11;
				GCC_DYNAMIC_NO_PIC = NO;
				GCC_NO_COMMON_BLOCKS = YES;
				GCC_OPTIMIZATION_LEVEL = 0;
				GCC_PREPROCESSOR_DEFINITIONS = (
					"DEBUG=1",
					"$(inherited)",
				);
				GCC_WARN_64_TO_32_BIT_CONVERSION = YES;
				GCC_WARN_ABOUT_RETURN_TYPE = YES_ERROR;
				GCC_WARN_UNDECLARED_SELECTOR = YES;
				GCC_WARN_UNINITIALIZED_AUTOS = YES_AGGRESSIVE;
				GCC_WARN_UNUSED_FUNCTION = YES;
				GCC_WARN_UNUSED_VARIABLE = YES;
				IPHONEOS_DEPLOYMENT_TARGET = 11.2;
				MTL_ENABLE_DEBUG_INFO = YES;
				ONLY_ACTIVE_ARCH = YES;
				SDKROOT = iphoneos;
				SWIFT_ACTIVE_COMPILATION_CONDITIONS = DEBUG;
				SWIFT_OPTIMIZATION_LEVEL = "-Onone";
			};
			name = Debug;
		};
		F87F54EE21108E2E00ED206E /* Release */ = {
			isa = XCBuildConfiguration;
			buildSettings = {
				ALWAYS_SEARCH_USER_PATHS = NO;
				CLANG_ANALYZER_NONNULL = YES;
				CLANG_ANALYZER_NUMBER_OBJECT_CONVERSION = YES_AGGRESSIVE;
				CLANG_CXX_LANGUAGE_STANDARD = "gnu++14";
				CLANG_CXX_LIBRARY = "libc++";
				CLANG_ENABLE_MODULES = YES;
				CLANG_ENABLE_OBJC_ARC = YES;
				CLANG_WARN_BLOCK_CAPTURE_AUTORELEASING = YES;
				CLANG_WARN_BOOL_CONVERSION = YES;
				CLANG_WARN_COMMA = YES;
				CLANG_WARN_CONSTANT_CONVERSION = YES;
				CLANG_WARN_DIRECT_OBJC_ISA_USAGE = YES_ERROR;
				CLANG_WARN_DOCUMENTATION_COMMENTS = YES;
				CLANG_WARN_EMPTY_BODY = YES;
				CLANG_WARN_ENUM_CONVERSION = YES;
				CLANG_WARN_INFINITE_RECURSION = YES;
				CLANG_WARN_INT_CONVERSION = YES;
				CLANG_WARN_NON_LITERAL_NULL_CONVERSION = YES;
				CLANG_WARN_OBJC_LITERAL_CONVERSION = YES;
				CLANG_WARN_OBJC_ROOT_CLASS = YES_ERROR;
				CLANG_WARN_RANGE_LOOP_ANALYSIS = YES;
				CLANG_WARN_STRICT_PROTOTYPES = YES;
				CLANG_WARN_SUSPICIOUS_MOVE = YES;
				CLANG_WARN_UNGUARDED_AVAILABILITY = YES_AGGRESSIVE;
				CLANG_WARN_UNREACHABLE_CODE = YES;
				CLANG_WARN__DUPLICATE_METHOD_MATCH = YES;
				CODE_SIGN_IDENTITY = "iPhone Developer";
				COPY_PHASE_STRIP = NO;
				DEBUG_INFORMATION_FORMAT = "dwarf-with-dsym";
				ENABLE_NS_ASSERTIONS = NO;
				ENABLE_STRICT_OBJC_MSGSEND = YES;
				GCC_C_LANGUAGE_STANDARD = gnu11;
				GCC_NO_COMMON_BLOCKS = YES;
				GCC_WARN_64_TO_32_BIT_CONVERSION = YES;
				GCC_WARN_ABOUT_RETURN_TYPE = YES_ERROR;
				GCC_WARN_UNDECLARED_SELECTOR = YES;
				GCC_WARN_UNINITIALIZED_AUTOS = YES_AGGRESSIVE;
				GCC_WARN_UNUSED_FUNCTION = YES;
				GCC_WARN_UNUSED_VARIABLE = YES;
				IPHONEOS_DEPLOYMENT_TARGET = 11.2;
				MTL_ENABLE_DEBUG_INFO = NO;
				SDKROOT = iphoneos;
				SWIFT_OPTIMIZATION_LEVEL = "-Owholemodule";
				VALIDATE_PRODUCT = YES;
			};
			name = Release;
		};
		F87F54F021108E2E00ED206E /* Debug */ = {
			isa = XCBuildConfiguration;
			buildSettings = {
				ASSETCATALOG_COMPILER_APPICON_NAME = AppIcon;
				CODE_SIGN_STYLE = Automatic;
				DEVELOPMENT_TEAM = BA72LHA8D9;
				INFOPLIST_FILE = TodoApp/Info.plist;
				IPHONEOS_DEPLOYMENT_TARGET = 11.1;
				LD_RUNPATH_SEARCH_PATHS = "$(inherited) @executable_path/Frameworks";
				PRODUCT_BUNDLE_IDENTIFIER = com.vit.corp.TodoApp;
				PRODUCT_NAME = "$(TARGET_NAME)";
				SWIFT_VERSION = 4.0;
				TARGETED_DEVICE_FAMILY = "1,2";
			};
			name = Debug;
		};
		F87F54F121108E2E00ED206E /* Release */ = {
			isa = XCBuildConfiguration;
			buildSettings = {
				ASSETCATALOG_COMPILER_APPICON_NAME = AppIcon;
				CODE_SIGN_STYLE = Automatic;
				DEVELOPMENT_TEAM = BA72LHA8D9;
				INFOPLIST_FILE = TodoApp/Info.plist;
				IPHONEOS_DEPLOYMENT_TARGET = 11.1;
				LD_RUNPATH_SEARCH_PATHS = "$(inherited) @executable_path/Frameworks";
				PRODUCT_BUNDLE_IDENTIFIER = com.vit.corp.TodoApp;
				PRODUCT_NAME = "$(TARGET_NAME)";
				SWIFT_VERSION = 4.0;
				TARGETED_DEVICE_FAMILY = "1,2";
			};
			name = Release;
		};
		F87F54F321108E2E00ED206E /* Debug */ = {
			isa = XCBuildConfiguration;
			buildSettings = {
				ALWAYS_EMBED_SWIFT_STANDARD_LIBRARIES = YES;
				BUNDLE_LOADER = "$(TEST_HOST)";
				CODE_SIGN_STYLE = Automatic;
				DEVELOPMENT_TEAM = BA72LHA8D9;
				INFOPLIST_FILE = TodoAppTests/Info.plist;
				LD_RUNPATH_SEARCH_PATHS = "$(inherited) @executable_path/Frameworks @loader_path/Frameworks";
				PRODUCT_BUNDLE_IDENTIFIER = com.vit.corp.TodoAppTests;
				PRODUCT_NAME = "$(TARGET_NAME)";
				SWIFT_VERSION = 4.0;
				TARGETED_DEVICE_FAMILY = "1,2";
				TEST_HOST = "$(BUILT_PRODUCTS_DIR)/TodoApp.app/TodoApp";
			};
			name = Debug;
		};
		F87F54F421108E2E00ED206E /* Release */ = {
			isa = XCBuildConfiguration;
			buildSettings = {
				ALWAYS_EMBED_SWIFT_STANDARD_LIBRARIES = YES;
				BUNDLE_LOADER = "$(TEST_HOST)";
				CODE_SIGN_STYLE = Automatic;
				DEVELOPMENT_TEAM = BA72LHA8D9;
				INFOPLIST_FILE = TodoAppTests/Info.plist;
				LD_RUNPATH_SEARCH_PATHS = "$(inherited) @executable_path/Frameworks @loader_path/Frameworks";
				PRODUCT_BUNDLE_IDENTIFIER = com.vit.corp.TodoAppTests;
				PRODUCT_NAME = "$(TARGET_NAME)";
				SWIFT_VERSION = 4.0;
				TARGETED_DEVICE_FAMILY = "1,2";
				TEST_HOST = "$(BUILT_PRODUCTS_DIR)/TodoApp.app/TodoApp";
			};
			name = Release;
		};
		F87F54F621108E2E00ED206E /* Debug */ = {
			isa = XCBuildConfiguration;
			buildSettings = {
				ALWAYS_EMBED_SWIFT_STANDARD_LIBRARIES = YES;
				CODE_SIGN_STYLE = Automatic;
				DEVELOPMENT_TEAM = BA72LHA8D9;
				INFOPLIST_FILE = TodoAppUITests/Info.plist;
				LD_RUNPATH_SEARCH_PATHS = "$(inherited) @executable_path/Frameworks @loader_path/Frameworks";
				PRODUCT_BUNDLE_IDENTIFIER = com.vit.corp.TodoAppUITests;
				PRODUCT_NAME = "$(TARGET_NAME)";
				SWIFT_VERSION = 4.0;
				TARGETED_DEVICE_FAMILY = "1,2";
				TEST_TARGET_NAME = TodoApp;
			};
			name = Debug;
		};
		F87F54F721108E2E00ED206E /* Release */ = {
			isa = XCBuildConfiguration;
			buildSettings = {
				ALWAYS_EMBED_SWIFT_STANDARD_LIBRARIES = YES;
				CODE_SIGN_STYLE = Automatic;
				DEVELOPMENT_TEAM = BA72LHA8D9;
				INFOPLIST_FILE = TodoAppUITests/Info.plist;
				LD_RUNPATH_SEARCH_PATHS = "$(inherited) @executable_path/Frameworks @loader_path/Frameworks";
				PRODUCT_BUNDLE_IDENTIFIER = com.vit.corp.TodoAppUITests;
				PRODUCT_NAME = "$(TARGET_NAME)";
				SWIFT_VERSION = 4.0;
				TARGETED_DEVICE_FAMILY = "1,2";
				TEST_TARGET_NAME = TodoApp;
			};
			name = Release;
		};
/* End XCBuildConfiguration section */

/* Begin XCConfigurationList section */
		F87F54C221108E2E00ED206E /* Build configuration list for PBXProject "TodoApp" */ = {
			isa = XCConfigurationList;
			buildConfigurations = (
				F87F54ED21108E2E00ED206E /* Debug */,
				F87F54EE21108E2E00ED206E /* Release */,
			);
			defaultConfigurationIsVisible = 0;
			defaultConfigurationName = Release;
		};
		F87F54EF21108E2E00ED206E /* Build configuration list for PBXNativeTarget "TodoApp" */ = {
			isa = XCConfigurationList;
			buildConfigurations = (
				F87F54F021108E2E00ED206E /* Debug */,
				F87F54F121108E2E00ED206E /* Release */,
			);
			defaultConfigurationIsVisible = 0;
			defaultConfigurationName = Release;
		};
		F87F54F221108E2E00ED206E /* Build configuration list for PBXNativeTarget "TodoAppTests" */ = {
			isa = XCConfigurationList;
			buildConfigurations = (
				F87F54F321108E2E00ED206E /* Debug */,
				F87F54F421108E2E00ED206E /* Release */,
			);
			defaultConfigurationIsVisible = 0;
			defaultConfigurationName = Release;
		};
		F87F54F521108E2E00ED206E /* Build configuration list for PBXNativeTarget "TodoAppUITests" */ = {
			isa = XCConfigurationList;
			buildConfigurations = (
				F87F54F621108E2E00ED206E /* Debug */,
				F87F54F721108E2E00ED206E /* Release */,
			);
			defaultConfigurationIsVisible = 0;
			defaultConfigurationName = Release;
		};
/* End XCConfigurationList section */
	};
	rootObject = F87F54BF21108E2E00ED206E /* Project object */;
}
